
Microsoft Visual Studio Solution File, Format Version 12.00
# Visual Studio Version 16
VisualStudioVersion = 16.0.31729.503
MinimumVisualStudioVersion = 10.0.40219.1
Project("{FAE04EC0-301F-11D3-BF4B-00C04F79EFBC}") = "XamarinSysAdmin.UWP", "XamarinSysAdmin.UWP\XamarinSysAdmin.UWP.csproj", "{6CBD44C5-8447-468C-A74F-BE384781E9E8}"
EndProject
Project("{FAE04EC0-301F-11D3-BF4B-00C04F79EFBC}") = "XamarinSysAdmin.Android", "XamarinSysAdmin.Android\XamarinSysAdmin.Android.csproj", "{59A26981-C6E1-43FE-AD10-776973955AEF}"
EndProject
Project("{FAE04EC0-301F-11D3-BF4B-00C04F79EFBC}") = "XamarinSysAdmin", "XamarinSysAdmin\XamarinSysAdmin.csproj", "{608F9B4F-6DB4-407F-81F3-FF8AB4687209}"
EndProject
Global
	GlobalSection(SolutionConfigurationPlatforms) = preSolution
		Debug|Any CPU = Debug|Any CPU
		Debug|ARM = Debug|ARM
		Debug|x64 = Debug|x64
		Debug|x86 = Debug|x86
		Release|Any CPU = Release|Any CPU
		Release|ARM = Release|ARM
		Release|x64 = Release|x64
		Release|x86 = Release|x86
	EndGlobalSection
	GlobalSection(ProjectConfigurationPlatforms) = postSolution
		{6CBD44C5-8447-468C-A74F-BE384781E9E8}.Debug|Any CPU.ActiveCfg = Debug|x86
		{6CBD44C5-8447-468C-A74F-BE384781E9E8}.Debug|Any CPU.Build.0 = Debug|x86
		{6CBD44C5-8447-468C-A74F-BE384781E9E8}.Debug|Any CPU.Deploy.0 = Debug|x86
		{6CBD44C5-8447-468C-A74F-BE384781E9E8}.Debug|ARM.ActiveCfg = Debug|ARM
		{6CBD44C5-8447-468C-A74F-BE384781E9E8}.Debug|ARM.Build.0 = Debug|ARM
		{6CBD44C5-8447-468C-A74F-BE384781E9E8}.Debug|ARM.Deploy.0 = Debug|ARM
		{6CBD44C5-8447-468C-A74F-BE384781E9E8}.Debug|x64.ActiveCfg = Debug|x64
		{6CBD44C5-8447-468C-A74F-BE384781E9E8}.Debug|x64.Build.0 = Debug|x64
		{6CBD44C5-8447-468C-A74F-BE384781E9E8}.Debug|x64.Deploy.0 = Debug|x64
		{6CBD44C5-8447-468C-A74F-BE384781E9E8}.Debug|x86.ActiveCfg = Debug|x86
		{6CBD44C5-8447-468C-A74F-BE384781E9E8}.Debug|x86.Build.0 = Debug|x86
		{6CBD44C5-8447-468C-A74F-BE384781E9E8}.Debug|x86.Deploy.0 = Debug|x86
		{6CBD44C5-8447-468C-A74F-BE384781E9E8}.Release|Any CPU.ActiveCfg = Release|x86
		{6CBD44C5-8447-468C-A74F-BE384781E9E8}.Release|Any CPU.Build.0 = Release|x86
		{6CBD44C5-8447-468C-A74F-BE384781E9E8}.Release|Any CPU.Deploy.0 = Release|x86
		{6CBD44C5-8447-468C-A74F-BE384781E9E8}.Release|ARM.ActiveCfg = Release|ARM
		{6CBD44C5-8447-468C-A74F-BE384781E9E8}.Release|ARM.Build.0 = Release|ARM
		{6CBD44C5-8447-468C-A74F-BE384781E9E8}.Release|ARM.Deploy.0 = Release|ARM
		{6CBD44C5-8447-468C-A74F-BE384781E9E8}.Release|x64.ActiveCfg = Release|x64
		{6CBD44C5-8447-468C-A74F-BE384781E9E8}.Release|x64.Build.0 = Release|x64
		{6CBD44C5-8447-468C-A74F-BE384781E9E8}.Release|x64.Deploy.0 = Release|x64
		{6CBD44C5-8447-468C-A74F-BE384781E9E8}.Release|x86.ActiveCfg = Release|x86
		{6CBD44C5-8447-468C-A74F-BE384781E9E8}.Release|x86.Build.0 = Release|x86
		{6CBD44C5-8447-468C-A74F-BE384781E9E8}.Release|x86.Deploy.0 = Release|x86
		{59A26981-C6E1-43FE-AD10-776973955AEF}.Debug|Any CPU.ActiveCfg = Debug|Any CPU
		{59A26981-C6E1-43FE-AD10-776973955AEF}.Debug|Any CPU.Build.0 = Debug|Any CPU
		{59A26981-C6E1-43FE-AD10-776973955AEF}.Debug|Any CPU.Deploy.0 = Debug|Any CPU
		{59A26981-C6E1-43FE-AD10-776973955AEF}.Debug|ARM.ActiveCfg = Debug|Any CPU
		{59A26981-C6E1-43FE-AD10-776973955AEF}.Debug|ARM.Build.0 = Debug|Any CPU
		{59A26981-C6E1-43FE-AD10-776973955AEF}.Debug|ARM.Deploy.0 = Debug|Any CPU
		{59A26981-C6E1-43FE-AD10-776973955AEF}.Debug|x64.ActiveCfg = Debug|Any CPU
		{59A26981-C6E1-43FE-AD10-776973955AEF}.Debug|x64.Build.0 = Debug|Any CPU
		{59A26981-C6E1-43FE-AD10-776973955AEF}.Debug|x64.Deploy.0 = Debug|Any CPU
		{59A26981-C6E1-43FE-AD10-776973955AEF}.Debug|x86.ActiveCfg = Debug|Any CPU
		{59A26981-C6E1-43FE-AD10-776973955AEF}.Debug|x86.Build.0 = Debug|Any CPU
		{59A26981-C6E1-43FE-AD10-776973955AEF}.Debug|x86.Deploy.0 = Debug|Any CPU
		{59A26981-C6E1-43FE-AD10-776973955AEF}.Release|Any CPU.ActiveCfg = Release|Any CPU
		{59A26981-C6E1-43FE-AD10-776973955AEF}.Release|Any CPU.Build.0 = Release|Any CPU
		{59A26981-C6E1-43FE-AD10-776973955AEF}.Release|Any CPU.Deploy.0 = Release|Any CPU
		{59A26981-C6E1-43FE-AD10-776973955AEF}.Release|ARM.ActiveCfg = Release|Any CPU
		{59A26981-C6E1-43FE-AD10-776973955AEF}.Release|ARM.Build.0 = Release|Any CPU
		{59A26981-C6E1-43FE-AD10-776973955AEF}.Release|ARM.Deploy.0 = Release|Any CPU
		{59A26981-C6E1-43FE-AD10-776973955AEF}.Release|x64.ActiveCfg = Release|Any CPU
		{59A26981-C6E1-43FE-AD10-776973955AEF}.Release|x64.Build.0 = Release|Any CPU
		{59A26981-C6E1-43FE-AD10-776973955AEF}.Release|x64.Deploy.0 = Release|Any CPU
		{59A26981-C6E1-43FE-AD10-776973955AEF}.Release|x86.ActiveCfg = Release|Any CPU
		{59A26981-C6E1-43FE-AD10-776973955AEF}.Release|x86.Build.0 = Release|Any CPU
		{59A26981-C6E1-43FE-AD10-776973955AEF}.Release|x86.Deploy.0 = Release|Any CPU
		{608F9B4F-6DB4-407F-81F3-FF8AB4687209}.Debug|Any CPU.ActiveCfg = Debug|Any CPU
		{608F9B4F-6DB4-407F-81F3-FF8AB4687209}.Debug|Any CPU.Build.0 = Debug|Any CPU
		{608F9B4F-6DB4-407F-81F3-FF8AB4687209}.Debug|Any CPU.Deploy.0 = Debug|Any CPU
		{608F9B4F-6DB4-407F-81F3-FF8AB4687209}.Debug|ARM.ActiveCfg = Debug|Any CPU
		{608F9B4F-6DB4-407F-81F3-FF8AB4687209}.Debug|ARM.Build.0 = Debug|Any CPU
		{608F9B4F-6DB4-407F-81F3-FF8AB4687209}.Debug|ARM.Deploy.0 = Debug|Any CPU
		{608F9B4F-6DB4-407F-81F3-FF8AB4687209}.Debug|x64.ActiveCfg = Debug|Any CPU
		{608F9B4F-6DB4-407F-81F3-FF8AB4687209}.Debug|x64.Build.0 = Debug|Any CPU
		{608F9B4F-6DB4-407F-81F3-FF8AB4687209}.Debug|x64.Deploy.0 = Debug|Any CPU
		{608F9B4F-6DB4-407F-81F3-FF8AB4687209}.Debug|x86.ActiveCfg = Debug|Any CPU
		{608F9B4F-6DB4-407F-81F3-FF8AB4687209}.Debug|x86.Build.0 = Debug|Any CPU
		{608F9B4F-6DB4-407F-81F3-FF8AB4687209}.Debug|x86.Deploy.0 = Debug|Any CPU
		{608F9B4F-6DB4-407F-81F3-FF8AB4687209}.Release|Any CPU.ActiveCfg = Release|Any CPU
		{608F9B4F-6DB4-407F-81F3-FF8AB4687209}.Release|Any CPU.Build.0 = Release|Any CPU
		{608F9B4F-6DB4-407F-81F3-FF8AB4687209}.Release|Any CPU.Deploy.0 = Release|Any CPU
		{608F9B4F-6DB4-407F-81F3-FF8AB4687209}.Release|ARM.ActiveCfg = Release|Any CPU
		{608F9B4F-6DB4-407F-81F3-FF8AB4687209}.Release|ARM.Build.0 = Release|Any CPU
		{608F9B4F-6DB4-407F-81F3-FF8AB4687209}.Release|ARM.Deploy.0 = Release|Any CPU
		{608F9B4F-6DB4-407F-81F3-FF8AB4687209}.Release|x64.ActiveCfg = Release|Any CPU
		{608F9B4F-6DB4-407F-81F3-FF8AB4687209}.Release|x64.Build.0 = Release|Any CPU
		{608F9B4F-6DB4-407F-81F3-FF8AB4687209}.Release|x64.Deploy.0 = Release|Any CPU
		{608F9B4F-6DB4-407F-81F3-FF8AB4687209}.Release|x86.ActiveCfg = Release|Any CPU
		{608F9B4F-6DB4-407F-81F3-FF8AB4687209}.Release|x86.Build.0 = Release|Any CPU
		{608F9B4F-6DB4-407F-81F3-FF8AB4687209}.Release|x86.Deploy.0 = Release|Any CPU
	EndGlobalSection
	GlobalSection(SolutionProperties) = preSolution
		HideSolutionNode = FALSE
	EndGlobalSection
	GlobalSection(ExtensibilityGlobals) = postSolution
		SolutionGuid = {975BA775-41C2-471A-BE34-48E163B5E28A}
	EndGlobalSection
EndGlobal
